
Microsoft Visual Studio Solution File, Format Version 12.00
# Visual Studio 15
VisualStudioVersion = 15.0.27703.2042
MinimumVisualStudioVersion = 10.0.40219.1
Project("{9A19103F-16F7-4668-BE54-9A1E7A4F7556}") = "RESTful API", "RESTful API\RESTful API.csproj", "{097D87D4-4C60-4A1B-BEC7-D005D05357A7}"
EndProject
Project("{FAE04EC0-301F-11D3-BF4B-00C04F79EFBC}") = "Leecode", "Leecode\Leecode.csproj", "{10AB6CE8-C596-4FA5-830E-FCB500972B50}"
EndProject
Project("{FAE04EC0-301F-11D3-BF4B-00C04F79EFBC}") = "LeecodeTest", "LeecodeTest\LeecodeTest.csproj", "{B8A5C7DE-AFC8-49AE-BD53-0A987AC60E74}"
EndProject
Global
	GlobalSection(SolutionConfigurationPlatforms) = preSolution
		Debug|Any CPU = Debug|Any CPU
		Release|Any CPU = Release|Any CPU
	EndGlobalSection
	GlobalSection(ProjectConfigurationPlatforms) = postSolution
		{097D87D4-4C60-4A1B-BEC7-D005D05357A7}.Debug|Any CPU.ActiveCfg = Debug|Any CPU
		{097D87D4-4C60-4A1B-BEC7-D005D05357A7}.Debug|Any CPU.Build.0 = Debug|Any CPU
		{097D87D4-4C60-4A1B-BEC7-D005D05357A7}.Release|Any CPU.ActiveCfg = Release|Any CPU
		{097D87D4-4C60-4A1B-BEC7-D005D05357A7}.Release|Any CPU.Build.0 = Release|Any CPU
		{10AB6CE8-C596-4FA5-830E-FCB500972B50}.Debug|Any CPU.ActiveCfg = Debug|Any CPU
		{10AB6CE8-C596-4FA5-830E-FCB500972B50}.Debug|Any CPU.Build.0 = Debug|Any CPU
		{10AB6CE8-C596-4FA5-830E-FCB500972B50}.Release|Any CPU.ActiveCfg = Release|Any CPU
		{10AB6CE8-C596-4FA5-830E-FCB500972B50}.Release|Any CPU.Build.0 = Release|Any CPU
		{B8A5C7DE-AFC8-49AE-BD53-0A987AC60E74}.Debug|Any CPU.ActiveCfg = Debug|Any CPU
		{B8A5C7DE-AFC8-49AE-BD53-0A987AC60E74}.Debug|Any CPU.Build.0 = Debug|Any CPU
		{B8A5C7DE-AFC8-49AE-BD53-0A987AC60E74}.Release|Any CPU.ActiveCfg = Release|Any CPU
		{B8A5C7DE-AFC8-49AE-BD53-0A987AC60E74}.Release|Any CPU.Build.0 = Release|Any CPU
	EndGlobalSection
	GlobalSection(SolutionProperties) = preSolution
		HideSolutionNode = FALSE
	EndGlobalSection
	GlobalSection(ExtensibilityGlobals) = postSolution
		SolutionGuid = {A9801345-1EE9-4E9E-AE1D-51B2ED432FBC}
	EndGlobalSection
EndGlobal
